
Microsoft Visual Studio Solution File, Format Version 12.00
# Visual Studio Version 17
VisualStudioVersion = 17.12.35707.178
MinimumVisualStudioVersion = 10.0.40219.1
Project("{FAE04EC0-301F-11D3-BF4B-00C04F79EFBC}") = "Api", "api\Api.csproj", "{61C63C34-B339-4CEE-A1C2-FA04573B4358}"
EndProject
Project("{FAE04EC0-301F-11D3-BF4B-00C04F79EFBC}") = "Domain", "domain\Domain.csproj", "{2C1137FC-D3C5-4255-9A88-1C91D85731A9}"
EndProject
Project("{FAE04EC0-301F-11D3-BF4B-00C04F79EFBC}") = "Infrastructure", "infrastructure\Infrastructure.csproj", "{67DF3786-8875-4041-8345-B709280893E2}"
EndProject
Project("{FAE04EC0-301F-11D3-BF4B-00C04F79EFBC}") = "Test", "test\Test.csproj", "{8824D5B3-FF21-4B4E-9BD9-B142742E8A7E}"
EndProject
Project("{FAE04EC0-301F-11D3-BF4B-00C04F79EFBC}") = "Application", "Application\Application.csproj", "{8C46EDD5-9DBB-4F01-A46B-27CCCFBE5B67}"
EndProject
Global
	GlobalSection(SolutionConfigurationPlatforms) = preSolution
		Debug|Any CPU = Debug|Any CPU
		Release|Any CPU = Release|Any CPU
	EndGlobalSection
	GlobalSection(ProjectConfigurationPlatforms) = postSolution
		{61C63C34-B339-4CEE-A1C2-FA04573B4358}.Debug|Any CPU.ActiveCfg = Debug|Any CPU
		{61C63C34-B339-4CEE-A1C2-FA04573B4358}.Debug|Any CPU.Build.0 = Debug|Any CPU
		{61C63C34-B339-4CEE-A1C2-FA04573B4358}.Release|Any CPU.ActiveCfg = Release|Any CPU
		{61C63C34-B339-4CEE-A1C2-FA04573B4358}.Release|Any CPU.Build.0 = Release|Any CPU
		{2C1137FC-D3C5-4255-9A88-1C91D85731A9}.Debug|Any CPU.ActiveCfg = Debug|Any CPU
		{2C1137FC-D3C5-4255-9A88-1C91D85731A9}.Debug|Any CPU.Build.0 = Debug|Any CPU
		{2C1137FC-D3C5-4255-9A88-1C91D85731A9}.Release|Any CPU.ActiveCfg = Release|Any CPU
		{2C1137FC-D3C5-4255-9A88-1C91D85731A9}.Release|Any CPU.Build.0 = Release|Any CPU
		{67DF3786-8875-4041-8345-B709280893E2}.Debug|Any CPU.ActiveCfg = Debug|Any CPU
		{67DF3786-8875-4041-8345-B709280893E2}.Debug|Any CPU.Build.0 = Debug|Any CPU
		{67DF3786-8875-4041-8345-B709280893E2}.Release|Any CPU.ActiveCfg = Release|Any CPU
		{67DF3786-8875-4041-8345-B709280893E2}.Release|Any CPU.Build.0 = Release|Any CPU
		{8824D5B3-FF21-4B4E-9BD9-B142742E8A7E}.Debug|Any CPU.ActiveCfg = Debug|Any CPU
		{8824D5B3-FF21-4B4E-9BD9-B142742E8A7E}.Debug|Any CPU.Build.0 = Debug|Any CPU
		{8824D5B3-FF21-4B4E-9BD9-B142742E8A7E}.Release|Any CPU.ActiveCfg = Release|Any CPU
		{8824D5B3-FF21-4B4E-9BD9-B142742E8A7E}.Release|Any CPU.Build.0 = Release|Any CPU
		{8C46EDD5-9DBB-4F01-A46B-27CCCFBE5B67}.Debug|Any CPU.ActiveCfg = Debug|Any CPU
		{8C46EDD5-9DBB-4F01-A46B-27CCCFBE5B67}.Debug|Any CPU.Build.0 = Debug|Any CPU
		{8C46EDD5-9DBB-4F01-A46B-27CCCFBE5B67}.Release|Any CPU.ActiveCfg = Release|Any CPU
		{8C46EDD5-9DBB-4F01-A46B-27CCCFBE5B67}.Release|Any CPU.Build.0 = Release|Any CPU
	EndGlobalSection
	GlobalSection(SolutionProperties) = preSolution
		HideSolutionNode = FALSE
	EndGlobalSection
EndGlobal
